
Microsoft Visual Studio Solution File, Format Version 12.00
# Visual Studio 15
VisualStudioVersion = 15.0.26730.16
MinimumVisualStudioVersion = 10.0.40219.1
Project("{FAE04EC0-301F-11D3-BF4B-00C04F79EFBC}") = "CLI-kasseapparat", "CLI-kasseapparat\CLI-kasseapparat.csproj", "{480772B2-139F-4F65-97C2-427EBF2EAE7C}"
EndProject
Project("{FAE04EC0-301F-11D3-BF4B-00C04F79EFBC}") = "kasseapparat-library", "kasseapparat-library\kasseapparat-library.csproj", "{129C2075-C032-46A5-AA1E-153862D4C594}"
EndProject
Global
	GlobalSection(SolutionConfigurationPlatforms) = preSolution
		Debug|Any CPU = Debug|Any CPU
		Release|Any CPU = Release|Any CPU
	EndGlobalSection
	GlobalSection(ProjectConfigurationPlatforms) = postSolution
		{480772B2-139F-4F65-97C2-427EBF2EAE7C}.Debug|Any CPU.ActiveCfg = Debug|Any CPU
		{480772B2-139F-4F65-97C2-427EBF2EAE7C}.Debug|Any CPU.Build.0 = Debug|Any CPU
		{480772B2-139F-4F65-97C2-427EBF2EAE7C}.Release|Any CPU.ActiveCfg = Release|Any CPU
		{480772B2-139F-4F65-97C2-427EBF2EAE7C}.Release|Any CPU.Build.0 = Release|Any CPU
		{129C2075-C032-46A5-AA1E-153862D4C594}.Debug|Any CPU.ActiveCfg = Debug|Any CPU
		{129C2075-C032-46A5-AA1E-153862D4C594}.Debug|Any CPU.Build.0 = Debug|Any CPU
		{129C2075-C032-46A5-AA1E-153862D4C594}.Release|Any CPU.ActiveCfg = Release|Any CPU
		{129C2075-C032-46A5-AA1E-153862D4C594}.Release|Any CPU.Build.0 = Release|Any CPU
	EndGlobalSection
	GlobalSection(SolutionProperties) = preSolution
		HideSolutionNode = FALSE
	EndGlobalSection
	GlobalSection(ExtensibilityGlobals) = postSolution
		SolutionGuid = {FB6F444F-F816-4EF3-98EA-238AF4A5AF90}
	EndGlobalSection
EndGlobal
